
Microsoft Visual Studio Solution File, Format Version 12.00
# Visual Studio Version 16
VisualStudioVersion = 16.0.33920.266
MinimumVisualStudioVersion = 10.0.40219.1
Project("{8BC9CEB8-8B4A-11D0-8D11-00A0C91BC942}") = "fuzzyDetecting", "fuzzyDetecting\fuzzyDetecting.vcxproj", "{57B9546A-85CA-4745-AEEA-377F4AB29922}"
EndProject
Global
	GlobalSection(SolutionConfigurationPlatforms) = preSolution
		Debug|x64 = Debug|x64
		Debug|x86 = Debug|x86
		Release|x64 = Release|x64
		Release|x86 = Release|x86
	EndGlobalSection
	GlobalSection(ProjectConfigurationPlatforms) = postSolution
		{57B9546A-85CA-4745-AEEA-377F4AB29922}.Debug|x64.ActiveCfg = Debug|x64
		{57B9546A-85CA-4745-AEEA-377F4AB29922}.Debug|x64.Build.0 = Debug|x64
		{57B9546A-85CA-4745-AEEA-377F4AB29922}.Debug|x86.ActiveCfg = Debug|Win32
		{57B9546A-85CA-4745-AEEA-377F4AB29922}.Debug|x86.Build.0 = Debug|Win32
		{57B9546A-85CA-4745-AEEA-377F4AB29922}.Release|x64.ActiveCfg = Release|x64
		{57B9546A-85CA-4745-AEEA-377F4AB29922}.Release|x64.Build.0 = Release|x64
		{57B9546A-85CA-4745-AEEA-377F4AB29922}.Release|x86.ActiveCfg = Release|Win32
		{57B9546A-85CA-4745-AEEA-377F4AB29922}.Release|x86.Build.0 = Release|Win32
	EndGlobalSection
	GlobalSection(SolutionProperties) = preSolution
		HideSolutionNode = FALSE
	EndGlobalSection
	GlobalSection(ExtensibilityGlobals) = postSolution
		SolutionGuid = {2B5E3951-DD9B-4908-8401-1BF2A17A39FB}
	EndGlobalSection
EndGlobal
